
Microsoft Visual Studio Solution File, Format Version 12.00
Project("{FAE04EC0-301F-11D3-BF4B-00C04F79EFBC}") = "StrictInit.Analyzers", "StrictInit.Analyzers\StrictInit.Analyzers.csproj", "{EB04A61B-F622-4B01-9B33-C3813827E4F8}"
EndProject
Project("{FAE04EC0-301F-11D3-BF4B-00C04F79EFBC}") = "StrictInitAnalyzersTest", "StrictInitAnalyzersTest\StrictInitAnalyzersTest.csproj", "{F256730E-324E-4179-9E95-D41DF48CE8C5}"
EndProject
Project("{FAE04EC0-301F-11D3-BF4B-00C04F79EFBC}") = "StrictInit", "StrictInit\StrictInit.csproj", "{8F509F20-358F-4AFF-851C-E48DF80405DD}"
EndProject
Project("{2150E333-8FDC-42A3-9474-1A3956D46DE8}") = ".sollution.config", ".sollution.config", "{FDBB64D2-5A55-4438-A92C-F3F41BCA7923}"
	ProjectSection(SolutionItems) = preProject
		Directory.Build.props = Directory.Build.props
		LICENSE.md = LICENSE.md
		README.md = README.md
	EndProjectSection
EndProject
Global
	GlobalSection(SolutionConfigurationPlatforms) = preSolution
		Debug|Any CPU = Debug|Any CPU
		Release|Any CPU = Release|Any CPU
	EndGlobalSection
	GlobalSection(ProjectConfigurationPlatforms) = postSolution
		{EB04A61B-F622-4B01-9B33-C3813827E4F8}.Debug|Any CPU.ActiveCfg = Debug|Any CPU
		{EB04A61B-F622-4B01-9B33-C3813827E4F8}.Debug|Any CPU.Build.0 = Debug|Any CPU
		{EB04A61B-F622-4B01-9B33-C3813827E4F8}.Release|Any CPU.ActiveCfg = Release|Any CPU
		{EB04A61B-F622-4B01-9B33-C3813827E4F8}.Release|Any CPU.Build.0 = Release|Any CPU
		{F256730E-324E-4179-9E95-D41DF48CE8C5}.Debug|Any CPU.ActiveCfg = Debug|Any CPU
		{F256730E-324E-4179-9E95-D41DF48CE8C5}.Debug|Any CPU.Build.0 = Debug|Any CPU
		{F256730E-324E-4179-9E95-D41DF48CE8C5}.Release|Any CPU.ActiveCfg = Release|Any CPU
		{F256730E-324E-4179-9E95-D41DF48CE8C5}.Release|Any CPU.Build.0 = Release|Any CPU
		{8F509F20-358F-4AFF-851C-E48DF80405DD}.Debug|Any CPU.ActiveCfg = Debug|Any CPU
		{8F509F20-358F-4AFF-851C-E48DF80405DD}.Debug|Any CPU.Build.0 = Debug|Any CPU
		{8F509F20-358F-4AFF-851C-E48DF80405DD}.Release|Any CPU.ActiveCfg = Release|Any CPU
		{8F509F20-358F-4AFF-851C-E48DF80405DD}.Release|Any CPU.Build.0 = Release|Any CPU
	EndGlobalSection
EndGlobal
